<?xml version="1.0" encoding="utf-8"?>
<Project ToolsVersion="4.0" xmlns="http://schemas.microsoft.com/developer/msbuild/2003">
  <ItemGroup>
    <Filter Include="Source Files">
      <UniqueIdentifier>{4FC737F1-C7A5-4376-A066-2A32D752A2FF}</UniqueIdentifier>
      <Extensions>cpp;c;cc;cxx;c++;cppm;ixx;def;odl;idl;hpj;bat;asm;asmx</Extensions>
    </Filter>
    <Filter Include="Header Files">
      <UniqueIdentifier>{93995380-89BD-4b04-88EB-625FBE52EBFB}</UniqueIdentifier>
      <Extensions>h;hh;hpp;hxx;h++;hm;inl;inc;ipp;xsd</Extensions>
    </Filter>
    <Filter Include="Resource Files">
      <UniqueIdentifier>{67DA6AB6-F800-4c08-8B7A-83BB121AAD01}</UniqueIdentifier>
      <Extensions>rc;ico;cur;bmp;dlg;rc2;rct;bin;rgs;gif;jpg;jpeg;jpe;resx;tiff;tif;png;wav;mfcribbon-ms</Extensions>
    </Filter>
    <Filter Include="Header Files\Utilities">
      <UniqueIdentifier>{551ed912-2ea0-4cec-89d4-cf60525a881f}</UniqueIdentifier>
    </Filter>
    <Filter Include="Source Files\Utilities">
      <UniqueIdentifier>{98db5f9b-b3d6-4bc2-aa3a-9a37b500b51c}</UniqueIdentifier>
    </Filter>
    <Filter Include="Source Files\MainMenu">
      <UniqueIdentifier>{539888e1-a64d-4cd7-92f2-9799018c2152}</UniqueIdentifier>
    </Filter>
    <Filter Include="Header Files\MainMenu">
      <UniqueIdentifier>{cc5fb140-b3bf-4bac-a9e8-f5e57e767296}</UniqueIdentifier>
    </Filter>
    <Filter Include="Header Files\SumTest">
      <UniqueIdentifier>{ce77b56c-22c3-40aa-913e-45f7c1d84e1e}</UniqueIdentifier>
    </Filter>
    <Filter Include="Source Files\SumTest">
      <UniqueIdentifier>{fcbd2192-29cd-4ddf-8d51-e0e06c78a894}</UniqueIdentifier>
    </Filter>
    <Filter Include="Header Files\Pregunta3">
      <UniqueIdentifier>{dcbbcec8-6d19-475f-88b2-d2eef25c9b81}</UniqueIdentifier>
    </Filter>
    <Filter Include="Source Files\Pregunta3">
      <UniqueIdentifier>{d539d786-2e62-4568-9fd2-2c1efca39318}</UniqueIdentifier>
    </Filter>
    <Filter Include="Header Files\Definite">
      <UniqueIdentifier>{9071ab5f-dd20-4a1f-a14f-cea0944a8aa5}</UniqueIdentifier>
    </Filter>
    <Filter Include="Source Files\Definite">
      <UniqueIdentifier>{2657f805-099c-4b33-ac5b-63ffeb9e3e1a}</UniqueIdentifier>
    </Filter>
  </ItemGroup>
  <ItemGroup>
    <ClInclude Include="ConsoleHandler.h">
      <Filter>Header Files\Utilities</Filter>
    </ClInclude>
    <ClInclude Include="Vector2.h">
      <Filter>Header Files\Utilities</Filter>
    </ClInclude>
    <ClInclude Include="SumaTest.h">
      <Filter>Header Files\SumTest</Filter>
    </ClInclude>
    <ClInclude Include="LauncherSumaTest.h">
      <Filter>Header Files\SumTest</Filter>
    </ClInclude>
    <ClInclude Include="GameData.h">
      <Filter>Header Files\Utilities</Filter>
    </ClInclude>
    <ClInclude Include="MainMenu.h">
      <Filter>Header Files\MainMenu</Filter>
    </ClInclude>
    <ClInclude Include="Question.h">
      <Filter>Header Files\Pregunta3</Filter>
    </ClInclude>
    <ClInclude Include="Pregunta3.h">
      <Filter>Header Files\Pregunta3</Filter>
    </ClInclude>
    <ClInclude Include="SaveManager.h">
      <Filter>Header Files\Pregunta3</Filter>
    </ClInclude>
    <ClInclude Include="QuestionLoader.h">
      <Filter>Header Files\Pregunta3</Filter>
    </ClInclude>
    <ClInclude Include="LauncherPregunta3.h">
      <Filter>Header Files\Pregunta3</Filter>
    </ClInclude>
    <ClInclude Include="Definite.h">
      <Filter>Header Files\Definite</Filter>
    </ClInclude>
  </ItemGroup>
  <ItemGroup>
    <None Include="Vector2.tpp">
      <Filter>Source Files\Utilities</Filter>
    </None>
    <None Include="packages.config" />
  </ItemGroup>
  <ItemGroup>
    <ClCompile Include="ConsoleHandler.cpp">
      <Filter>Source Files\Utilities</Filter>
    </ClCompile>
    <ClCompile Include="main.cpp">
      <Filter>Source Files</Filter>
    </ClCompile>
    <ClCompile Include="SumaTest.tpp">
      <Filter>Source Files\SumTest</Filter>
    </ClCompile>
    <ClCompile Include="LauncherSumaTest.cpp">
      <Filter>Source Files\SumTest</Filter>
    </ClCompile>
    <ClCompile Include="GameData.cpp">
      <Filter>Source Files\Utilities</Filter>
    </ClCompile>
    <ClCompile Include="MainMenu.cpp">
      <Filter>Source Files\MainMenu</Filter>
    </ClCompile>
    <ClCompile Include="SaveManager.cpp">
      <Filter>Source Files\Pregunta3</Filter>
    </ClCompile>
    <ClCompile Include="QuestionLoader.cpp">
      <Filter>Source Files\Pregunta3</Filter>
    </ClCompile>
    <ClCompile Include="LauncherPregunta3.cpp">
      <Filter>Source Files\Pregunta3</Filter>
    </ClCompile>
    <ClCompile Include="Pregunta3.cpp">
      <Filter>Source Files\Pregunta3</Filter>
    </ClCompile>
    <ClCompile Include="Definite.cpp">
      <Filter>Source Files\Definite</Filter>
    </ClCompile>
  </ItemGroup>
</Project>